
Microsoft Visual Studio Solution File, Format Version 12.00
# Visual Studio 15
VisualStudioVersion = 15.0.27004.2005
MinimumVisualStudioVersion = 10.0.40219.1
Project("{FAE04EC0-301F-11D3-BF4B-00C04F79EFBC}") = "GrammarEngineApi", "GrammarEngineApi\GrammarEngineApi.csproj", "{9C0BC4E8-8F1E-48DB-92C0-A0740C7F5661}"
EndProject
Project("{FAE04EC0-301F-11D3-BF4B-00C04F79EFBC}") = "GrammarTest", "GrammarTest\GrammarTest.csproj", "{BDDCA789-203B-4002-84E5-8D1EC6092BC4}"
EndProject
Global
	GlobalSection(SolutionConfigurationPlatforms) = preSolution
		Debug|Any CPU = Debug|Any CPU
		Release|Any CPU = Release|Any CPU
	EndGlobalSection
	GlobalSection(ProjectConfigurationPlatforms) = postSolution
		{9C0BC4E8-8F1E-48DB-92C0-A0740C7F5661}.Debug|Any CPU.ActiveCfg = Debug|Any CPU
		{9C0BC4E8-8F1E-48DB-92C0-A0740C7F5661}.Debug|Any CPU.Build.0 = Debug|Any CPU
		{9C0BC4E8-8F1E-48DB-92C0-A0740C7F5661}.Release|Any CPU.ActiveCfg = Release|Any CPU
		{9C0BC4E8-8F1E-48DB-92C0-A0740C7F5661}.Release|Any CPU.Build.0 = Release|Any CPU
		{BDDCA789-203B-4002-84E5-8D1EC6092BC4}.Debug|Any CPU.ActiveCfg = Debug|Any CPU
		{BDDCA789-203B-4002-84E5-8D1EC6092BC4}.Debug|Any CPU.Build.0 = Debug|Any CPU
		{BDDCA789-203B-4002-84E5-8D1EC6092BC4}.Release|Any CPU.ActiveCfg = Release|Any CPU
		{BDDCA789-203B-4002-84E5-8D1EC6092BC4}.Release|Any CPU.Build.0 = Release|Any CPU
	EndGlobalSection
	GlobalSection(SolutionProperties) = preSolution
		HideSolutionNode = FALSE
	EndGlobalSection
	GlobalSection(ExtensibilityGlobals) = postSolution
		SolutionGuid = {E3A00EAF-DBD3-4032-AB94-390D2872C5D5}
	EndGlobalSection
EndGlobal
